// !$*UTF8*$!
{
	archiveVersion = 1;
	classes = {
	};
	objectVersion = 56;
	objects = {

/* Begin PBXBuildFile section */
		8422E49D2A6A1B1F0003CBF0 /* LinkListViewController.swift in Sources */ = {isa = PBXBuildFile; fileRef = 8422E49C2A6A1B1F0003CBF0 /* LinkListViewController.swift */; };
		8422E49F2A6A1B2F0003CBF0 /* LinkCell.swift in Sources */ = {isa = PBXBuildFile; fileRef = 8422E49E2A6A1B2F0003CBF0 /* LinkCell.swift */; };
		8422E4A12A6A1B510003CBF0 /* LinkListViewModel.swift in Sources */ = {isa = PBXBuildFile; fileRef = 8422E4A02A6A1B510003CBF0 /* LinkListViewModel.swift */; };
		846AFEBF2A654D7700C0F629 /* NetworkConstants.swift in Sources */ = {isa = PBXBuildFile; fileRef = 846AFEBE2A654D7700C0F629 /* NetworkConstants.swift */; };
		846AFEC22A654D9500C0F629 /* NetworkService.swift in Sources */ = {isa = PBXBuildFile; fileRef = 846AFEC12A654D9500C0F629 /* NetworkService.swift */; };
		846AFEC52A654DBB00C0F629 /* Endpoint.swift in Sources */ = {isa = PBXBuildFile; fileRef = 846AFEC42A654DBB00C0F629 /* Endpoint.swift */; };
		846AFEC72A654EFA00C0F629 /* FolderEndpoint.swift in Sources */ = {isa = PBXBuildFile; fileRef = 846AFEC62A654EFA00C0F629 /* FolderEndpoint.swift */; };
		846AFED02A65543100C0F629 /* FolderFormViewController.swift in Sources */ = {isa = PBXBuildFile; fileRef = 846AFECF2A65543100C0F629 /* FolderFormViewController.swift */; };
		846AFED22A6567D100C0F629 /* FolderFormViewModel.swift in Sources */ = {isa = PBXBuildFile; fileRef = 846AFED12A6567D100C0F629 /* FolderFormViewModel.swift */; };
		8479BE262A5804AC00A5FEDF /* AppDelegate.swift in Sources */ = {isa = PBXBuildFile; fileRef = 8479BE252A5804AC00A5FEDF /* AppDelegate.swift */; };
		8479BE282A5804AC00A5FEDF /* SceneDelegate.swift in Sources */ = {isa = PBXBuildFile; fileRef = 8479BE272A5804AC00A5FEDF /* SceneDelegate.swift */; };
		8479BE2F2A5804AD00A5FEDF /* Assets.xcassets in Resources */ = {isa = PBXBuildFile; fileRef = 8479BE2E2A5804AD00A5FEDF /* Assets.xcassets */; };
		8479BE322A5804AD00A5FEDF /* LaunchScreen.storyboard in Resources */ = {isa = PBXBuildFile; fileRef = 8479BE302A5804AD00A5FEDF /* LaunchScreen.storyboard */; };
		84D021392A66843C000946A8 /* WalletViewController.swift in Sources */ = {isa = PBXBuildFile; fileRef = 84D021382A66843C000946A8 /* WalletViewController.swift */; };
		84D0213B2A66BF26000946A8 /* FolderCell.swift in Sources */ = {isa = PBXBuildFile; fileRef = 84D0213A2A66BF26000946A8 /* FolderCell.swift */; };
		84D0213D2A66C8D4000946A8 /* UIFont+.swift in Sources */ = {isa = PBXBuildFile; fileRef = 84D0213C2A66C8D4000946A8 /* UIFont+.swift */; };
		84D021412A66CAF5000946A8 /* Pretendard-Bold.otf in Resources */ = {isa = PBXBuildFile; fileRef = 84D0213F2A66CAF5000946A8 /* Pretendard-Bold.otf */; };
		84D021442A66CB03000946A8 /* Pretendard-Medium.otf in Resources */ = {isa = PBXBuildFile; fileRef = 84D021432A66CB03000946A8 /* Pretendard-Medium.otf */; };
		84D021462A66D064000946A8 /* WalletViewModel.swift in Sources */ = {isa = PBXBuildFile; fileRef = 84D021452A66D064000946A8 /* WalletViewModel.swift */; };
		84D0214F2A6959F8000946A8 /* PopupViewController.swift in Sources */ = {isa = PBXBuildFile; fileRef = 84D0214E2A6959F8000946A8 /* PopupViewController.swift */; };
		B95DFF852A655155000B7947 /* LinkFormViewController.swift in Sources */ = {isa = PBXBuildFile; fileRef = B95DFF842A655155000B7947 /* LinkFormViewController.swift */; };
		B95DFF872A6551BC000B7947 /* LinkForm.storyboard in Resources */ = {isa = PBXBuildFile; fileRef = B95DFF862A6551BC000B7947 /* LinkForm.storyboard */; };
		B95DFF8A2A655270000B7947 /* UIColor+.swift in Sources */ = {isa = PBXBuildFile; fileRef = B95DFF892A655270000B7947 /* UIColor+.swift */; };
		B95DFF8C2A655A22000B7947 /* UIButton+Combine.swift in Sources */ = {isa = PBXBuildFile; fileRef = B95DFF8B2A655A22000B7947 /* UIButton+Combine.swift */; };
		B95DFF8E2A655AC4000B7947 /* UIControl+Combine.swift in Sources */ = {isa = PBXBuildFile; fileRef = B95DFF8D2A655AC4000B7947 /* UIControl+Combine.swift */; };
		B95DFF912A6560D4000B7947 /* LinkFormTextFieldCell.swift in Sources */ = {isa = PBXBuildFile; fileRef = B95DFF8F2A6560D4000B7947 /* LinkFormTextFieldCell.swift */; };
		B95DFF922A6560D4000B7947 /* LinkFormTextFieldCell.xib in Resources */ = {isa = PBXBuildFile; fileRef = B95DFF902A6560D4000B7947 /* LinkFormTextFieldCell.xib */; };
		B95DFF942A65614B000B7947 /* UIViewController+.swift in Sources */ = {isa = PBXBuildFile; fileRef = B95DFF932A65614B000B7947 /* UIViewController+.swift */; };
		B95DFF962A65617C000B7947 /* UICollectionViewCell+.swift in Sources */ = {isa = PBXBuildFile; fileRef = B95DFF952A65617C000B7947 /* UICollectionViewCell+.swift */; };
		B95DFF9A2A6592FF000B7947 /* PickFolderLinkFormCell.swift in Sources */ = {isa = PBXBuildFile; fileRef = B95DFF982A6592FF000B7947 /* PickFolderLinkFormCell.swift */; };
		B95DFF9B2A6592FF000B7947 /* PickFolderLinkFormCell.xib in Resources */ = {isa = PBXBuildFile; fileRef = B95DFF992A6592FF000B7947 /* PickFolderLinkFormCell.xib */; };
		B95DFF9E2A66CAE7000B7947 /* Folder.swift in Sources */ = {isa = PBXBuildFile; fileRef = B95DFF9D2A66CAE7000B7947 /* Folder.swift */; };
		B95DFFA02A66CAF0000B7947 /* Article.swift in Sources */ = {isa = PBXBuildFile; fileRef = B95DFF9F2A66CAF0000B7947 /* Article.swift */; };
		B95DFFA22A66CFDC000B7947 /* MemberEndpoint.swift in Sources */ = {isa = PBXBuildFile; fileRef = B95DFFA12A66CFDC000B7947 /* MemberEndpoint.swift */; };
		CE3240532A66D6E400B0C90D /* MemberInfoManager.swift in Sources */ = {isa = PBXBuildFile; fileRef = CE3240522A66D6E400B0C90D /* MemberInfoManager.swift */; };
		CEAA35882A682B6600261EBC /* PickFolderDropDownCell.swift in Sources */ = {isa = PBXBuildFile; fileRef = CEAA35862A682B6600261EBC /* PickFolderDropDownCell.swift */; };
		CEAA35892A682B6600261EBC /* PickFolderDropDownCell.xib in Resources */ = {isa = PBXBuildFile; fileRef = CEAA35872A682B6600261EBC /* PickFolderDropDownCell.xib */; };
		CEAA358C2A6845AE00261EBC /* PickFolderDropDownHeader.swift in Sources */ = {isa = PBXBuildFile; fileRef = CEAA358A2A6845AE00261EBC /* PickFolderDropDownHeader.swift */; };
		CEAA358D2A6845AE00261EBC /* PickFolderDropDownHeader.xib in Resources */ = {isa = PBXBuildFile; fileRef = CEAA358B2A6845AE00261EBC /* PickFolderDropDownHeader.xib */; };
/* End PBXBuildFile section */

/* Begin PBXFileReference section */
		8422E49C2A6A1B1F0003CBF0 /* LinkListViewController.swift */ = {isa = PBXFileReference; lastKnownFileType = sourcecode.swift; path = LinkListViewController.swift; sourceTree = "<group>"; };
		8422E49E2A6A1B2F0003CBF0 /* LinkCell.swift */ = {isa = PBXFileReference; lastKnownFileType = sourcecode.swift; path = LinkCell.swift; sourceTree = "<group>"; };
		8422E4A02A6A1B510003CBF0 /* LinkListViewModel.swift */ = {isa = PBXFileReference; lastKnownFileType = sourcecode.swift; path = LinkListViewModel.swift; sourceTree = "<group>"; };
		846AFEBE2A654D7700C0F629 /* NetworkConstants.swift */ = {isa = PBXFileReference; lastKnownFileType = sourcecode.swift; path = NetworkConstants.swift; sourceTree = "<group>"; };
		846AFEC12A654D9500C0F629 /* NetworkService.swift */ = {isa = PBXFileReference; lastKnownFileType = sourcecode.swift; path = NetworkService.swift; sourceTree = "<group>"; };
		846AFEC42A654DBB00C0F629 /* Endpoint.swift */ = {isa = PBXFileReference; lastKnownFileType = sourcecode.swift; path = Endpoint.swift; sourceTree = "<group>"; };
		846AFEC62A654EFA00C0F629 /* FolderEndpoint.swift */ = {isa = PBXFileReference; lastKnownFileType = sourcecode.swift; path = FolderEndpoint.swift; sourceTree = "<group>"; };
		846AFECF2A65543100C0F629 /* FolderFormViewController.swift */ = {isa = PBXFileReference; lastKnownFileType = sourcecode.swift; path = FolderFormViewController.swift; sourceTree = "<group>"; };
		846AFED12A6567D100C0F629 /* FolderFormViewModel.swift */ = {isa = PBXFileReference; lastKnownFileType = sourcecode.swift; path = FolderFormViewModel.swift; sourceTree = "<group>"; };
		8479BE222A5804AC00A5FEDF /* Linkllet-iOS.app */ = {isa = PBXFileReference; explicitFileType = wrapper.application; includeInIndex = 0; path = "Linkllet-iOS.app"; sourceTree = BUILT_PRODUCTS_DIR; };
		8479BE252A5804AC00A5FEDF /* AppDelegate.swift */ = {isa = PBXFileReference; lastKnownFileType = sourcecode.swift; path = AppDelegate.swift; sourceTree = "<group>"; };
		8479BE272A5804AC00A5FEDF /* SceneDelegate.swift */ = {isa = PBXFileReference; lastKnownFileType = sourcecode.swift; path = SceneDelegate.swift; sourceTree = "<group>"; };
		8479BE2E2A5804AD00A5FEDF /* Assets.xcassets */ = {isa = PBXFileReference; lastKnownFileType = folder.assetcatalog; path = Assets.xcassets; sourceTree = "<group>"; };
		8479BE312A5804AD00A5FEDF /* Base */ = {isa = PBXFileReference; lastKnownFileType = file.storyboard; name = Base; path = Base.lproj/LaunchScreen.storyboard; sourceTree = "<group>"; };
		8479BE332A5804AD00A5FEDF /* Info.plist */ = {isa = PBXFileReference; lastKnownFileType = text.plist.xml; path = Info.plist; sourceTree = "<group>"; };
		84D021382A66843C000946A8 /* WalletViewController.swift */ = {isa = PBXFileReference; lastKnownFileType = sourcecode.swift; path = WalletViewController.swift; sourceTree = "<group>"; };
		84D0213A2A66BF26000946A8 /* FolderCell.swift */ = {isa = PBXFileReference; lastKnownFileType = sourcecode.swift; path = FolderCell.swift; sourceTree = "<group>"; };
		84D0213C2A66C8D4000946A8 /* UIFont+.swift */ = {isa = PBXFileReference; lastKnownFileType = sourcecode.swift; path = "UIFont+.swift"; sourceTree = "<group>"; };
		84D0213F2A66CAF5000946A8 /* Pretendard-Bold.otf */ = {isa = PBXFileReference; lastKnownFileType = file; path = "Pretendard-Bold.otf"; sourceTree = "<group>"; };
		84D021432A66CB03000946A8 /* Pretendard-Medium.otf */ = {isa = PBXFileReference; lastKnownFileType = file; path = "Pretendard-Medium.otf"; sourceTree = "<group>"; };
		84D021452A66D064000946A8 /* WalletViewModel.swift */ = {isa = PBXFileReference; lastKnownFileType = sourcecode.swift; path = WalletViewModel.swift; sourceTree = "<group>"; };
		84D0214E2A6959F8000946A8 /* PopupViewController.swift */ = {isa = PBXFileReference; lastKnownFileType = sourcecode.swift; path = PopupViewController.swift; sourceTree = "<group>"; };
		B95DFF842A655155000B7947 /* LinkFormViewController.swift */ = {isa = PBXFileReference; lastKnownFileType = sourcecode.swift; path = LinkFormViewController.swift; sourceTree = "<group>"; };
		B95DFF862A6551BC000B7947 /* LinkForm.storyboard */ = {isa = PBXFileReference; lastKnownFileType = file.storyboard; path = LinkForm.storyboard; sourceTree = "<group>"; };
		B95DFF892A655270000B7947 /* UIColor+.swift */ = {isa = PBXFileReference; lastKnownFileType = sourcecode.swift; path = "UIColor+.swift"; sourceTree = "<group>"; };
		B95DFF8B2A655A22000B7947 /* UIButton+Combine.swift */ = {isa = PBXFileReference; lastKnownFileType = sourcecode.swift; path = "UIButton+Combine.swift"; sourceTree = "<group>"; };
		B95DFF8D2A655AC4000B7947 /* UIControl+Combine.swift */ = {isa = PBXFileReference; lastKnownFileType = sourcecode.swift; path = "UIControl+Combine.swift"; sourceTree = "<group>"; };
		B95DFF8F2A6560D4000B7947 /* LinkFormTextFieldCell.swift */ = {isa = PBXFileReference; lastKnownFileType = sourcecode.swift; path = LinkFormTextFieldCell.swift; sourceTree = "<group>"; };
		B95DFF902A6560D4000B7947 /* LinkFormTextFieldCell.xib */ = {isa = PBXFileReference; lastKnownFileType = file.xib; path = LinkFormTextFieldCell.xib; sourceTree = "<group>"; };
		B95DFF932A65614B000B7947 /* UIViewController+.swift */ = {isa = PBXFileReference; lastKnownFileType = sourcecode.swift; path = "UIViewController+.swift"; sourceTree = "<group>"; };
		B95DFF952A65617C000B7947 /* UICollectionViewCell+.swift */ = {isa = PBXFileReference; lastKnownFileType = sourcecode.swift; path = "UICollectionViewCell+.swift"; sourceTree = "<group>"; };
		B95DFF982A6592FF000B7947 /* PickFolderLinkFormCell.swift */ = {isa = PBXFileReference; lastKnownFileType = sourcecode.swift; path = PickFolderLinkFormCell.swift; sourceTree = "<group>"; };
		B95DFF992A6592FF000B7947 /* PickFolderLinkFormCell.xib */ = {isa = PBXFileReference; lastKnownFileType = file.xib; path = PickFolderLinkFormCell.xib; sourceTree = "<group>"; };
		B95DFF9D2A66CAE7000B7947 /* Folder.swift */ = {isa = PBXFileReference; lastKnownFileType = sourcecode.swift; path = Folder.swift; sourceTree = "<group>"; };
		B95DFF9F2A66CAF0000B7947 /* Article.swift */ = {isa = PBXFileReference; fileEncoding = 4; lastKnownFileType = sourcecode.swift; path = Article.swift; sourceTree = "<group>"; };
		B95DFFA12A66CFDC000B7947 /* MemberEndpoint.swift */ = {isa = PBXFileReference; lastKnownFileType = sourcecode.swift; path = MemberEndpoint.swift; sourceTree = "<group>"; };
		CE3240522A66D6E400B0C90D /* MemberInfoManager.swift */ = {isa = PBXFileReference; lastKnownFileType = sourcecode.swift; path = MemberInfoManager.swift; sourceTree = "<group>"; };
		CEAA35862A682B6600261EBC /* PickFolderDropDownCell.swift */ = {isa = PBXFileReference; lastKnownFileType = sourcecode.swift; path = PickFolderDropDownCell.swift; sourceTree = "<group>"; };
		CEAA35872A682B6600261EBC /* PickFolderDropDownCell.xib */ = {isa = PBXFileReference; lastKnownFileType = file.xib; path = PickFolderDropDownCell.xib; sourceTree = "<group>"; };
		CEAA358A2A6845AE00261EBC /* PickFolderDropDownHeader.swift */ = {isa = PBXFileReference; lastKnownFileType = sourcecode.swift; path = PickFolderDropDownHeader.swift; sourceTree = "<group>"; };
		CEAA358B2A6845AE00261EBC /* PickFolderDropDownHeader.xib */ = {isa = PBXFileReference; lastKnownFileType = file.xib; path = PickFolderDropDownHeader.xib; sourceTree = "<group>"; };
/* End PBXFileReference section */

/* Begin PBXFrameworksBuildPhase section */
		8479BE1F2A5804AC00A5FEDF /* Frameworks */ = {
			isa = PBXFrameworksBuildPhase;
			buildActionMask = 2147483647;
			files = (
			);
			runOnlyForDeploymentPostprocessing = 0;
		};
/* End PBXFrameworksBuildPhase section */

/* Begin PBXGroup section */
		8422E4992A6A1AC80003CBF0 /* LinkList */ = {
			isa = PBXGroup;
			children = (
				8422E49A2A6A1ADA0003CBF0 /* View */,
				8422E49B2A6A1ADE0003CBF0 /* ViewModel */,
			);
			path = LinkList;
			sourceTree = "<group>";
		};
		8422E49A2A6A1ADA0003CBF0 /* View */ = {
			isa = PBXGroup;
			children = (
				8422E49C2A6A1B1F0003CBF0 /* LinkListViewController.swift */,
				8422E49E2A6A1B2F0003CBF0 /* LinkCell.swift */,
			);
			path = View;
			sourceTree = "<group>";
		};
		8422E49B2A6A1ADE0003CBF0 /* ViewModel */ = {
			isa = PBXGroup;
			children = (
				8422E4A02A6A1B510003CBF0 /* LinkListViewModel.swift */,
			);
			path = ViewModel;
			sourceTree = "<group>";
		};
		846AFEBD2A654D0B00C0F629 /* Network */ = {
			isa = PBXGroup;
			children = (
				846AFEBE2A654D7700C0F629 /* NetworkConstants.swift */,
				846AFEC02A654D8300C0F629 /* Services */,
				846AFEC32A654DAA00C0F629 /* Endpoints */,
			);
			path = Network;
			sourceTree = "<group>";
		};
		846AFEC02A654D8300C0F629 /* Services */ = {
			isa = PBXGroup;
			children = (
				846AFEC12A654D9500C0F629 /* NetworkService.swift */,
			);
			path = Services;
			sourceTree = "<group>";
		};
		846AFEC32A654DAA00C0F629 /* Endpoints */ = {
			isa = PBXGroup;
			children = (
				846AFEC42A654DBB00C0F629 /* Endpoint.swift */,
				846AFEC62A654EFA00C0F629 /* FolderEndpoint.swift */,
				B95DFFA12A66CFDC000B7947 /* MemberEndpoint.swift */,
			);
			path = Endpoints;
			sourceTree = "<group>";
		};
		846AFECE2A65541800C0F629 /* FolderForm */ = {
			isa = PBXGroup;
			children = (
				84D0214B2A68F998000946A8 /* View */,
				84D0214C2A68F99F000946A8 /* ViewModel */,
			);
			path = FolderForm;
			sourceTree = "<group>";
		};
		8479BE192A5804AC00A5FEDF = {
			isa = PBXGroup;
			children = (
				8479BE242A5804AC00A5FEDF /* Linkllet-iOS */,
				8479BE232A5804AC00A5FEDF /* Products */,
			);
			sourceTree = "<group>";
		};
		8479BE232A5804AC00A5FEDF /* Products */ = {
			isa = PBXGroup;
			children = (
				8479BE222A5804AC00A5FEDF /* Linkllet-iOS.app */,
			);
			name = Products;
			sourceTree = "<group>";
		};
		8479BE242A5804AC00A5FEDF /* Linkllet-iOS */ = {
			isa = PBXGroup;
			children = (
				CE3240512A66D6A100B0C90D /* Utilities */,
				B95DFF9C2A66CACF000B7947 /* Models */,
				846AFEBD2A654D0B00C0F629 /* Network */,
				B95DFF882A655266000B7947 /* Extension */,
				8479BE392A58063600A5FEDF /* Application */,
				8479BE3A2A58066400A5FEDF /* Presentation */,
				8479BE332A5804AD00A5FEDF /* Info.plist */,
			);
			path = "Linkllet-iOS";
			sourceTree = "<group>";
		};
		8479BE392A58063600A5FEDF /* Application */ = {
			isa = PBXGroup;
			children = (
				84D0213E2A66C967000946A8 /* Fonts */,
				8479BE252A5804AC00A5FEDF /* AppDelegate.swift */,
				8479BE272A5804AC00A5FEDF /* SceneDelegate.swift */,
				8479BE2E2A5804AD00A5FEDF /* Assets.xcassets */,
				8479BE302A5804AD00A5FEDF /* LaunchScreen.storyboard */,
			);
			path = Application;
			sourceTree = "<group>";
		};
		8479BE3A2A58066400A5FEDF /* Presentation */ = {
			isa = PBXGroup;
			children = (
				84D0214D2A6959C9000946A8 /* Global */,
				84D021372A66842E000946A8 /* Wallet */,
				8422E4992A6A1AC80003CBF0 /* LinkList */,
				B95DFF832A65512F000B7947 /* LinkForm */,
				846AFECE2A65541800C0F629 /* FolderForm */,
			);
			path = Presentation;
			sourceTree = "<group>";
		};
		84D021372A66842E000946A8 /* Wallet */ = {
			isa = PBXGroup;
			children = (
				84D021472A66D074000946A8 /* View */,
				84D021482A66D07D000946A8 /* ViewModel */,
			);
			path = Wallet;
			sourceTree = "<group>";
		};
		84D0213E2A66C967000946A8 /* Fonts */ = {
			isa = PBXGroup;
			children = (
				84D021432A66CB03000946A8 /* Pretendard-Medium.otf */,
				84D0213F2A66CAF5000946A8 /* Pretendard-Bold.otf */,
			);
			path = Fonts;
			sourceTree = "<group>";
		};
		84D021472A66D074000946A8 /* View */ = {
			isa = PBXGroup;
			children = (
				84D021382A66843C000946A8 /* WalletViewController.swift */,
				84D0213A2A66BF26000946A8 /* FolderCell.swift */,
			);
			path = View;
			sourceTree = "<group>";
		};
		84D021482A66D07D000946A8 /* ViewModel */ = {
			isa = PBXGroup;
			children = (
				84D021452A66D064000946A8 /* WalletViewModel.swift */,
			);
			path = ViewModel;
			sourceTree = "<group>";
		};
		84D0214B2A68F998000946A8 /* View */ = {
			isa = PBXGroup;
			children = (
				846AFECF2A65543100C0F629 /* FolderFormViewController.swift */,
			);
			path = View;
			sourceTree = "<group>";
		};
		84D0214C2A68F99F000946A8 /* ViewModel */ = {
			isa = PBXGroup;
			children = (
				846AFED12A6567D100C0F629 /* FolderFormViewModel.swift */,
			);
			path = ViewModel;
			sourceTree = "<group>";
		};
		84D0214D2A6959C9000946A8 /* Global */ = {
			isa = PBXGroup;
			children = (
				84D0214E2A6959F8000946A8 /* PopupViewController.swift */,
			);
			path = Global;
			sourceTree = "<group>";
		};
		B95DFF832A65512F000B7947 /* LinkForm */ = {
			isa = PBXGroup;
			children = (
				B95DFF972A6592CD000B7947 /* Cell */,
				B95DFF842A655155000B7947 /* LinkFormViewController.swift */,
				B95DFF862A6551BC000B7947 /* LinkForm.storyboard */,
			);
			path = LinkForm;
			sourceTree = "<group>";
		};
		B95DFF882A655266000B7947 /* Extension */ = {
			isa = PBXGroup;
			children = (
				B95DFF892A655270000B7947 /* UIColor+.swift */,
				B95DFF8B2A655A22000B7947 /* UIButton+Combine.swift */,
				B95DFF8D2A655AC4000B7947 /* UIControl+Combine.swift */,
				B95DFF932A65614B000B7947 /* UIViewController+.swift */,
				B95DFF952A65617C000B7947 /* UICollectionViewCell+.swift */,
				84D0213C2A66C8D4000946A8 /* UIFont+.swift */,
			);
			path = Extension;
			sourceTree = "<group>";
		};
		B95DFF972A6592CD000B7947 /* Cell */ = {
			isa = PBXGroup;
			children = (
				B95DFF8F2A6560D4000B7947 /* LinkFormTextFieldCell.swift */,
				B95DFF902A6560D4000B7947 /* LinkFormTextFieldCell.xib */,
				B95DFF982A6592FF000B7947 /* PickFolderLinkFormCell.swift */,
				B95DFF992A6592FF000B7947 /* PickFolderLinkFormCell.xib */,
				CEAA35862A682B6600261EBC /* PickFolderDropDownCell.swift */,
				CEAA35872A682B6600261EBC /* PickFolderDropDownCell.xib */,
				CEAA358A2A6845AE00261EBC /* PickFolderDropDownHeader.swift */,
				CEAA358B2A6845AE00261EBC /* PickFolderDropDownHeader.xib */,
			);
			path = Cell;
			sourceTree = "<group>";
		};
		B95DFF9C2A66CACF000B7947 /* Models */ = {
			isa = PBXGroup;
			children = (
				B95DFF9D2A66CAE7000B7947 /* Folder.swift */,
				B95DFF9F2A66CAF0000B7947 /* Article.swift */,
			);
			path = Models;
			sourceTree = "<group>";
		};
		CE3240512A66D6A100B0C90D /* Utilities */ = {
			isa = PBXGroup;
			children = (
				CE3240522A66D6E400B0C90D /* MemberInfoManager.swift */,
			);
			path = Utilities;
			sourceTree = "<group>";
		};
/* End PBXGroup section */

/* Begin PBXNativeTarget section */
		8479BE212A5804AC00A5FEDF /* Linkllet-iOS */ = {
			isa = PBXNativeTarget;
			buildConfigurationList = 8479BE362A5804AD00A5FEDF /* Build configuration list for PBXNativeTarget "Linkllet-iOS" */;
			buildPhases = (
				8479BE1E2A5804AC00A5FEDF /* Sources */,
				8479BE1F2A5804AC00A5FEDF /* Frameworks */,
				8479BE202A5804AC00A5FEDF /* Resources */,
			);
			buildRules = (
			);
			dependencies = (
			);
			name = "Linkllet-iOS";
			productName = "Linkllet-iOS";
			productReference = 8479BE222A5804AC00A5FEDF /* Linkllet-iOS.app */;
			productType = "com.apple.product-type.application";
		};
/* End PBXNativeTarget section */

/* Begin PBXProject section */
		8479BE1A2A5804AC00A5FEDF /* Project object */ = {
			isa = PBXProject;
			attributes = {
				BuildIndependentTargetsInParallel = 1;
				LastSwiftUpdateCheck = 1430;
				LastUpgradeCheck = 1430;
				TargetAttributes = {
					8479BE212A5804AC00A5FEDF = {
						CreatedOnToolsVersion = 14.3.1;
					};
				};
			};
			buildConfigurationList = 8479BE1D2A5804AC00A5FEDF /* Build configuration list for PBXProject "Linkllet-iOS" */;
			compatibilityVersion = "Xcode 14.0";
			developmentRegion = en;
			hasScannedForEncodings = 0;
			knownRegions = (
				en,
				Base,
			);
			mainGroup = 8479BE192A5804AC00A5FEDF;
			productRefGroup = 8479BE232A5804AC00A5FEDF /* Products */;
			projectDirPath = "";
			projectRoot = "";
			targets = (
				8479BE212A5804AC00A5FEDF /* Linkllet-iOS */,
			);
		};
/* End PBXProject section */

/* Begin PBXResourcesBuildPhase section */
		8479BE202A5804AC00A5FEDF /* Resources */ = {
			isa = PBXResourcesBuildPhase;
			buildActionMask = 2147483647;
			files = (
				B95DFF872A6551BC000B7947 /* LinkForm.storyboard in Resources */,
				84D021412A66CAF5000946A8 /* Pretendard-Bold.otf in Resources */,
				8479BE322A5804AD00A5FEDF /* LaunchScreen.storyboard in Resources */,
				CEAA358D2A6845AE00261EBC /* PickFolderDropDownHeader.xib in Resources */,
				CEAA35892A682B6600261EBC /* PickFolderDropDownCell.xib in Resources */,
				B95DFF9B2A6592FF000B7947 /* PickFolderLinkFormCell.xib in Resources */,
				B95DFF922A6560D4000B7947 /* LinkFormTextFieldCell.xib in Resources */,
				8479BE2F2A5804AD00A5FEDF /* Assets.xcassets in Resources */,
				84D021442A66CB03000946A8 /* Pretendard-Medium.otf in Resources */,
			);
			runOnlyForDeploymentPostprocessing = 0;
		};
/* End PBXResourcesBuildPhase section */

/* Begin PBXSourcesBuildPhase section */
		8479BE1E2A5804AC00A5FEDF /* Sources */ = {
			isa = PBXSourcesBuildPhase;
			buildActionMask = 2147483647;
			files = (
				B95DFF912A6560D4000B7947 /* LinkFormTextFieldCell.swift in Sources */,
				B95DFF9E2A66CAE7000B7947 /* Folder.swift in Sources */,
				B95DFFA02A66CAF0000B7947 /* Article.swift in Sources */,
				B95DFFA22A66CFDC000B7947 /* MemberEndpoint.swift in Sources */,
				84D0214F2A6959F8000946A8 /* PopupViewController.swift in Sources */,
				84D0213D2A66C8D4000946A8 /* UIFont+.swift in Sources */,
				846AFEC22A654D9500C0F629 /* NetworkService.swift in Sources */,
				8422E49F2A6A1B2F0003CBF0 /* LinkCell.swift in Sources */,
				B95DFF962A65617C000B7947 /* UICollectionViewCell+.swift in Sources */,
				CEAA35882A682B6600261EBC /* PickFolderDropDownCell.swift in Sources */,
				846AFEBF2A654D7700C0F629 /* NetworkConstants.swift in Sources */,
				B95DFF852A655155000B7947 /* LinkFormViewController.swift in Sources */,
				84D021462A66D064000946A8 /* WalletViewModel.swift in Sources */,
				8422E49D2A6A1B1F0003CBF0 /* LinkListViewController.swift in Sources */,
				84D021392A66843C000946A8 /* WalletViewController.swift in Sources */,
				846AFEC72A654EFA00C0F629 /* FolderEndpoint.swift in Sources */,
				84D0213B2A66BF26000946A8 /* FolderCell.swift in Sources */,
				CEAA358C2A6845AE00261EBC /* PickFolderDropDownHeader.swift in Sources */,
				8479BE262A5804AC00A5FEDF /* AppDelegate.swift in Sources */,
				846AFED02A65543100C0F629 /* FolderFormViewController.swift in Sources */,
				8422E4A12A6A1B510003CBF0 /* LinkListViewModel.swift in Sources */,
				846AFEC52A654DBB00C0F629 /* Endpoint.swift in Sources */,
				8479BE282A5804AC00A5FEDF /* SceneDelegate.swift in Sources */,
				B95DFF8E2A655AC4000B7947 /* UIControl+Combine.swift in Sources */,
				B95DFF9A2A6592FF000B7947 /* PickFolderLinkFormCell.swift in Sources */,
				B95DFF942A65614B000B7947 /* UIViewController+.swift in Sources */,
				CE3240532A66D6E400B0C90D /* MemberInfoManager.swift in Sources */,
				846AFED22A6567D100C0F629 /* FolderFormViewModel.swift in Sources */,
				B95DFF8A2A655270000B7947 /* UIColor+.swift in Sources */,
				B95DFF8C2A655A22000B7947 /* UIButton+Combine.swift in Sources */,
			);
			runOnlyForDeploymentPostprocessing = 0;
		};
/* End PBXSourcesBuildPhase section */

/* Begin PBXVariantGroup section */
		8479BE302A5804AD00A5FEDF /* LaunchScreen.storyboard */ = {
			isa = PBXVariantGroup;
			children = (
				8479BE312A5804AD00A5FEDF /* Base */,
			);
			name = LaunchScreen.storyboard;
			sourceTree = "<group>";
		};
/* End PBXVariantGroup section */

/* Begin XCBuildConfiguration section */
		8479BE342A5804AD00A5FEDF /* Debug */ = {
			isa = XCBuildConfiguration;
			buildSettings = {
				ALWAYS_SEARCH_USER_PATHS = NO;
				CLANG_ANALYZER_NONNULL = YES;
				CLANG_ANALYZER_NUMBER_OBJECT_CONVERSION = YES_AGGRESSIVE;
				CLANG_CXX_LANGUAGE_STANDARD = "gnu++20";
				CLANG_ENABLE_MODULES = YES;
				CLANG_ENABLE_OBJC_ARC = YES;
				CLANG_ENABLE_OBJC_WEAK = YES;
				CLANG_WARN_BLOCK_CAPTURE_AUTORELEASING = YES;
				CLANG_WARN_BOOL_CONVERSION = YES;
				CLANG_WARN_COMMA = YES;
				CLANG_WARN_CONSTANT_CONVERSION = YES;
				CLANG_WARN_DEPRECATED_OBJC_IMPLEMENTATIONS = YES;
				CLANG_WARN_DIRECT_OBJC_ISA_USAGE = YES_ERROR;
				CLANG_WARN_DOCUMENTATION_COMMENTS = YES;
				CLANG_WARN_EMPTY_BODY = YES;
				CLANG_WARN_ENUM_CONVERSION = YES;
				CLANG_WARN_INFINITE_RECURSION = YES;
				CLANG_WARN_INT_CONVERSION = YES;
				CLANG_WARN_NON_LITERAL_NULL_CONVERSION = YES;
				CLANG_WARN_OBJC_IMPLICIT_RETAIN_SELF = YES;
				CLANG_WARN_OBJC_LITERAL_CONVERSION = YES;
				CLANG_WARN_OBJC_ROOT_CLASS = YES_ERROR;
				CLANG_WARN_QUOTED_INCLUDE_IN_FRAMEWORK_HEADER = YES;
				CLANG_WARN_RANGE_LOOP_ANALYSIS = YES;
				CLANG_WARN_STRICT_PROTOTYPES = YES;
				CLANG_WARN_SUSPICIOUS_MOVE = YES;
				CLANG_WARN_UNGUARDED_AVAILABILITY = YES_AGGRESSIVE;
				CLANG_WARN_UNREACHABLE_CODE = YES;
				CLANG_WARN__DUPLICATE_METHOD_MATCH = YES;
				COPY_PHASE_STRIP = NO;
				DEBUG_INFORMATION_FORMAT = dwarf;
				ENABLE_STRICT_OBJC_MSGSEND = YES;
				ENABLE_TESTABILITY = YES;
				GCC_C_LANGUAGE_STANDARD = gnu11;
				GCC_DYNAMIC_NO_PIC = NO;
				GCC_NO_COMMON_BLOCKS = YES;
				GCC_OPTIMIZATION_LEVEL = 0;
				GCC_PREPROCESSOR_DEFINITIONS = (
					"DEBUG=1",
					"$(inherited)",
				);
				GCC_WARN_64_TO_32_BIT_CONVERSION = YES;
				GCC_WARN_ABOUT_RETURN_TYPE = YES_ERROR;
				GCC_WARN_UNDECLARED_SELECTOR = YES;
				GCC_WARN_UNINITIALIZED_AUTOS = YES_AGGRESSIVE;
				GCC_WARN_UNUSED_FUNCTION = YES;
				GCC_WARN_UNUSED_VARIABLE = YES;
				IPHONEOS_DEPLOYMENT_TARGET = 16.4;
				MTL_ENABLE_DEBUG_INFO = INCLUDE_SOURCE;
				MTL_FAST_MATH = YES;
				ONLY_ACTIVE_ARCH = YES;
				SDKROOT = iphoneos;
				SWIFT_ACTIVE_COMPILATION_CONDITIONS = DEBUG;
				SWIFT_OPTIMIZATION_LEVEL = "-Onone";
			};
			name = Debug;
		};
		8479BE352A5804AD00A5FEDF /* Release */ = {
			isa = XCBuildConfiguration;
			buildSettings = {
				ALWAYS_SEARCH_USER_PATHS = NO;
				CLANG_ANALYZER_NONNULL = YES;
				CLANG_ANALYZER_NUMBER_OBJECT_CONVERSION = YES_AGGRESSIVE;
				CLANG_CXX_LANGUAGE_STANDARD = "gnu++20";
				CLANG_ENABLE_MODULES = YES;
				CLANG_ENABLE_OBJC_ARC = YES;
				CLANG_ENABLE_OBJC_WEAK = YES;
				CLANG_WARN_BLOCK_CAPTURE_AUTORELEASING = YES;
				CLANG_WARN_BOOL_CONVERSION = YES;
				CLANG_WARN_COMMA = YES;
				CLANG_WARN_CONSTANT_CONVERSION = YES;
				CLANG_WARN_DEPRECATED_OBJC_IMPLEMENTATIONS = YES;
				CLANG_WARN_DIRECT_OBJC_ISA_USAGE = YES_ERROR;
				CLANG_WARN_DOCUMENTATION_COMMENTS = YES;
				CLANG_WARN_EMPTY_BODY = YES;
				CLANG_WARN_ENUM_CONVERSION = YES;
				CLANG_WARN_INFINITE_RECURSION = YES;
				CLANG_WARN_INT_CONVERSION = YES;
				CLANG_WARN_NON_LITERAL_NULL_CONVERSION = YES;
				CLANG_WARN_OBJC_IMPLICIT_RETAIN_SELF = YES;
				CLANG_WARN_OBJC_LITERAL_CONVERSION = YES;
				CLANG_WARN_OBJC_ROOT_CLASS = YES_ERROR;
				CLANG_WARN_QUOTED_INCLUDE_IN_FRAMEWORK_HEADER = YES;
				CLANG_WARN_RANGE_LOOP_ANALYSIS = YES;
				CLANG_WARN_STRICT_PROTOTYPES = YES;
				CLANG_WARN_SUSPICIOUS_MOVE = YES;
				CLANG_WARN_UNGUARDED_AVAILABILITY = YES_AGGRESSIVE;
				CLANG_WARN_UNREACHABLE_CODE = YES;
				CLANG_WARN__DUPLICATE_METHOD_MATCH = YES;
				COPY_PHASE_STRIP = NO;
				DEBUG_INFORMATION_FORMAT = "dwarf-with-dsym";
				ENABLE_NS_ASSERTIONS = NO;
				ENABLE_STRICT_OBJC_MSGSEND = YES;
				GCC_C_LANGUAGE_STANDARD = gnu11;
				GCC_NO_COMMON_BLOCKS = YES;
				GCC_WARN_64_TO_32_BIT_CONVERSION = YES;
				GCC_WARN_ABOUT_RETURN_TYPE = YES_ERROR;
				GCC_WARN_UNDECLARED_SELECTOR = YES;
				GCC_WARN_UNINITIALIZED_AUTOS = YES_AGGRESSIVE;
				GCC_WARN_UNUSED_FUNCTION = YES;
				GCC_WARN_UNUSED_VARIABLE = YES;
				IPHONEOS_DEPLOYMENT_TARGET = 16.4;
				MTL_ENABLE_DEBUG_INFO = NO;
				MTL_FAST_MATH = YES;
				SDKROOT = iphoneos;
				SWIFT_COMPILATION_MODE = wholemodule;
				SWIFT_OPTIMIZATION_LEVEL = "-O";
				VALIDATE_PRODUCT = YES;
			};
			name = Release;
		};
		8479BE372A5804AD00A5FEDF /* Debug */ = {
			isa = XCBuildConfiguration;
			buildSettings = {
				ASSETCATALOG_COMPILER_APPICON_NAME = AppIcon;
				ASSETCATALOG_COMPILER_GLOBAL_ACCENT_COLOR_NAME = AccentColor;
				CODE_SIGN_STYLE = Automatic;
				CURRENT_PROJECT_VERSION = 1;
				DEVELOPMENT_TEAM = 83B9Y749K7;
				GENERATE_INFOPLIST_FILE = YES;
				INFOPLIST_FILE = "Linkllet-iOS/Info.plist";
				INFOPLIST_KEY_UIApplicationSupportsIndirectInputEvents = YES;
				INFOPLIST_KEY_UILaunchStoryboardName = LaunchScreen;
				INFOPLIST_KEY_UISupportedInterfaceOrientations_iPad = "UIInterfaceOrientationPortrait UIInterfaceOrientationPortraitUpsideDown UIInterfaceOrientationLandscapeLeft UIInterfaceOrientationLandscapeRight";
				INFOPLIST_KEY_UISupportedInterfaceOrientations_iPhone = "UIInterfaceOrientationPortrait UIInterfaceOrientationLandscapeLeft UIInterfaceOrientationLandscapeRight";
				IPHONEOS_DEPLOYMENT_TARGET = 15.0;
				LD_RUNPATH_SEARCH_PATHS = (
					"$(inherited)",
					"@executable_path/Frameworks",
				);
				MARKETING_VERSION = 1.0;
				PRODUCT_BUNDLE_IDENTIFIER = "com.linklet.Linkllet-iOS";
				PRODUCT_NAME = "$(TARGET_NAME)";
				SWIFT_EMIT_LOC_STRINGS = YES;
				SWIFT_VERSION = 5.0;
				TARGETED_DEVICE_FAMILY = "1,2";
			};
			name = Debug;
		};
		8479BE382A5804AD00A5FEDF /* Release */ = {
			isa = XCBuildConfiguration;
			buildSettings = {
				ASSETCATALOG_COMPILER_APPICON_NAME = AppIcon;
				ASSETCATALOG_COMPILER_GLOBAL_ACCENT_COLOR_NAME = AccentColor;
				CODE_SIGN_STYLE = Automatic;
				CURRENT_PROJECT_VERSION = 1;
				DEVELOPMENT_TEAM = 83B9Y749K7;
				GENERATE_INFOPLIST_FILE = YES;
				INFOPLIST_FILE = "Linkllet-iOS/Info.plist";
				INFOPLIST_KEY_UIApplicationSupportsIndirectInputEvents = YES;
				INFOPLIST_KEY_UILaunchStoryboardName = LaunchScreen;
				INFOPLIST_KEY_UISupportedInterfaceOrientations_iPad = "UIInterfaceOrientationPortrait UIInterfaceOrientationPortraitUpsideDown UIInterfaceOrientationLandscapeLeft UIInterfaceOrientationLandscapeRight";
				INFOPLIST_KEY_UISupportedInterfaceOrientations_iPhone = "UIInterfaceOrientationPortrait UIInterfaceOrientationLandscapeLeft UIInterfaceOrientationLandscapeRight";
				IPHONEOS_DEPLOYMENT_TARGET = 15.0;
				LD_RUNPATH_SEARCH_PATHS = (
					"$(inherited)",
					"@executable_path/Frameworks",
				);
				MARKETING_VERSION = 1.0;
				PRODUCT_BUNDLE_IDENTIFIER = "com.linklet.Linkllet-iOS";
				PRODUCT_NAME = "$(TARGET_NAME)";
				SWIFT_EMIT_LOC_STRINGS = YES;
				SWIFT_VERSION = 5.0;
				TARGETED_DEVICE_FAMILY = "1,2";
			};
			name = Release;
		};
/* End XCBuildConfiguration section */

/* Begin XCConfigurationList section */
		8479BE1D2A5804AC00A5FEDF /* Build configuration list for PBXProject "Linkllet-iOS" */ = {
			isa = XCConfigurationList;
			buildConfigurations = (
				8479BE342A5804AD00A5FEDF /* Debug */,
				8479BE352A5804AD00A5FEDF /* Release */,
			);
			defaultConfigurationIsVisible = 0;
			defaultConfigurationName = Release;
		};
		8479BE362A5804AD00A5FEDF /* Build configuration list for PBXNativeTarget "Linkllet-iOS" */ = {
			isa = XCConfigurationList;
			buildConfigurations = (
				8479BE372A5804AD00A5FEDF /* Debug */,
				8479BE382A5804AD00A5FEDF /* Release */,
			);
			defaultConfigurationIsVisible = 0;
			defaultConfigurationName = Release;
		};
/* End XCConfigurationList section */
	};
	rootObject = 8479BE1A2A5804AC00A5FEDF /* Project object */;
}
